
Microsoft Visual Studio Solution File, Format Version 12.00
# Visual Studio Version 17
VisualStudioVersion = 17.0.31903.59
MinimumVisualStudioVersion = 10.0.40219.1
Project("{9A19103F-16F7-4668-BE54-9A1E7A4F7556}") = "BitMagic.Macro", "BitMagic.Macro\BitMagic.Macro.csproj", "{FE43EAD1-A664-4258-93D2-0A34F8D3E6D5}"
EndProject
Project("{9A19103F-16F7-4668-BE54-9A1E7A4F7556}") = "BitMagic", "BitMagic\BitMagic.csproj", "{E9B5BB8D-12ED-40FE-BE3E-8666552BA664}"
EndProject
Project("{2150E333-8FDC-42A3-9474-1A3956D46DE8}") = "Solution Items", "Solution Items", "{04FB280C-8395-45E5-8250-BE1F4653A3E1}"
	ProjectSection(SolutionItems) = preProject
		.editorconfig = .editorconfig
		.gitignore = .gitignore
		asmcompare.asm = asmcompare.asm
		scope_example.csasm = scope_example.csasm
	EndProjectSection
EndProject
Project("{9A19103F-16F7-4668-BE54-9A1E7A4F7556}") = "BitMagic.Compiler", "BitMagic.Compiler\BitMagic.Compiler.csproj", "{FA9BC30C-68C1-4A7B-AB04-4814357C01E5}"
EndProject
Project("{9A19103F-16F7-4668-BE54-9A1E7A4F7556}") = "BitMagic.Common", "BitMagic.Common\BitMagic.Common.csproj", "{1B838B77-C345-4F91-BA33-8E5466514040}"
EndProject
Project("{9A19103F-16F7-4668-BE54-9A1E7A4F7556}") = "BitMagic.Machines", "BitMagic.Machines\BitMagic.Machines.csproj", "{4A334DF4-7100-4A78-A8A2-5B886ED87EFD}"
EndProject
Project("{9A19103F-16F7-4668-BE54-9A1E7A4F7556}") = "BitMagic.Cpu", "BitMagic.Cpu\BitMagic.Cpu.csproj", "{728E94B7-AB2F-4E08-A2CD-202D9252B739}"
EndProject
Project("{9A19103F-16F7-4668-BE54-9A1E7A4F7556}") = "BitMagic.Emulator", "BitMagic.Emulator\BitMagic.Emulator.csproj", "{B631CC1C-E58A-422D-8FB3-66B886BE3C1E}"
EndProject
Project("{9A19103F-16F7-4668-BE54-9A1E7A4F7556}") = "BigMagic.DebugServer", "BigMagic.DebugServer\BigMagic.DebugServer.csproj", "{336B12A9-C555-431D-B30A-246E076EC981}"
EndProject
Project("{9A19103F-16F7-4668-BE54-9A1E7A4F7556}") = "BitMagic.AsmTemplateEngine", "Bitmagic.AsmTemplateEngine\BitMagic.AsmTemplateEngine.csproj", "{FCF1A45A-3DA7-4481-9E91-15CC9FF33A4D}"
EndProject
Project("{9A19103F-16F7-4668-BE54-9A1E7A4F7556}") = "Bitmagic.SdkPreProcessor", "Bitmagic.SdkPreProcessor\Bitmagic.SdkPreProcessor.csproj", "{858F3913-75EA-4F0D-B40E-053B6E73AB0F}"
EndProject
Project("{9A19103F-16F7-4668-BE54-9A1E7A4F7556}") = "BitMagic.AsmTemplate", "BitMagic.AsmTemplate\BitMagic.AsmTemplate.csproj", "{212E57E0-2C20-4888-999F-C0D909936240}"
EndProject
Project("{2150E333-8FDC-42A3-9474-1A3956D46DE8}") = "Testing", "Testing", "{AF58444A-16E2-4ACD-A88C-DABDD1E0921F}"
	ProjectSection(SolutionItems) = preProject
		Testing\test.asm = Testing\test.asm
		Testing\test.bmasm = Testing\test.bmasm
		Testing\test.compiled.json = Testing\test.compiled.json
		Testing\test.csasm = Testing\test.csasm
		Testing\test.csasm.dll = Testing\test.csasm.dll
		Testing\test.csasm.pre = Testing\test.csasm.pre
		Testing\test.dll = Testing\test.dll
		Testing\test.original.csasm = Testing\test.original.csasm
		Testing\test.prg = Testing\test.prg
		Testing\testimport.bsasm = Testing\testimport.bsasm
	EndProjectSection
EndProject
Global
	GlobalSection(SolutionConfigurationPlatforms) = preSolution
		Debug|Any CPU = Debug|Any CPU
		Release|Any CPU = Release|Any CPU
	EndGlobalSection
	GlobalSection(ProjectConfigurationPlatforms) = postSolution
		{FE43EAD1-A664-4258-93D2-0A34F8D3E6D5}.Debug|Any CPU.ActiveCfg = Debug|Any CPU
		{FE43EAD1-A664-4258-93D2-0A34F8D3E6D5}.Debug|Any CPU.Build.0 = Debug|Any CPU
		{FE43EAD1-A664-4258-93D2-0A34F8D3E6D5}.Release|Any CPU.ActiveCfg = Release|Any CPU
		{FE43EAD1-A664-4258-93D2-0A34F8D3E6D5}.Release|Any CPU.Build.0 = Release|Any CPU
		{E9B5BB8D-12ED-40FE-BE3E-8666552BA664}.Debug|Any CPU.ActiveCfg = Debug|Any CPU
		{E9B5BB8D-12ED-40FE-BE3E-8666552BA664}.Debug|Any CPU.Build.0 = Debug|Any CPU
		{E9B5BB8D-12ED-40FE-BE3E-8666552BA664}.Release|Any CPU.ActiveCfg = Release|Any CPU
		{E9B5BB8D-12ED-40FE-BE3E-8666552BA664}.Release|Any CPU.Build.0 = Release|Any CPU
		{FA9BC30C-68C1-4A7B-AB04-4814357C01E5}.Debug|Any CPU.ActiveCfg = Debug|Any CPU
		{FA9BC30C-68C1-4A7B-AB04-4814357C01E5}.Debug|Any CPU.Build.0 = Debug|Any CPU
		{FA9BC30C-68C1-4A7B-AB04-4814357C01E5}.Release|Any CPU.ActiveCfg = Release|Any CPU
		{FA9BC30C-68C1-4A7B-AB04-4814357C01E5}.Release|Any CPU.Build.0 = Release|Any CPU
		{1B838B77-C345-4F91-BA33-8E5466514040}.Debug|Any CPU.ActiveCfg = Debug|Any CPU
		{1B838B77-C345-4F91-BA33-8E5466514040}.Debug|Any CPU.Build.0 = Debug|Any CPU
		{1B838B77-C345-4F91-BA33-8E5466514040}.Release|Any CPU.ActiveCfg = Release|Any CPU
		{1B838B77-C345-4F91-BA33-8E5466514040}.Release|Any CPU.Build.0 = Release|Any CPU
		{4A334DF4-7100-4A78-A8A2-5B886ED87EFD}.Debug|Any CPU.ActiveCfg = Debug|Any CPU
		{4A334DF4-7100-4A78-A8A2-5B886ED87EFD}.Debug|Any CPU.Build.0 = Debug|Any CPU
		{4A334DF4-7100-4A78-A8A2-5B886ED87EFD}.Release|Any CPU.ActiveCfg = Release|Any CPU
		{4A334DF4-7100-4A78-A8A2-5B886ED87EFD}.Release|Any CPU.Build.0 = Release|Any CPU
		{728E94B7-AB2F-4E08-A2CD-202D9252B739}.Debug|Any CPU.ActiveCfg = Debug|Any CPU
		{728E94B7-AB2F-4E08-A2CD-202D9252B739}.Debug|Any CPU.Build.0 = Debug|Any CPU
		{728E94B7-AB2F-4E08-A2CD-202D9252B739}.Release|Any CPU.ActiveCfg = Release|Any CPU
		{728E94B7-AB2F-4E08-A2CD-202D9252B739}.Release|Any CPU.Build.0 = Release|Any CPU
		{B631CC1C-E58A-422D-8FB3-66B886BE3C1E}.Debug|Any CPU.ActiveCfg = Debug|Any CPU
		{B631CC1C-E58A-422D-8FB3-66B886BE3C1E}.Debug|Any CPU.Build.0 = Debug|Any CPU
		{B631CC1C-E58A-422D-8FB3-66B886BE3C1E}.Release|Any CPU.ActiveCfg = Release|Any CPU
		{B631CC1C-E58A-422D-8FB3-66B886BE3C1E}.Release|Any CPU.Build.0 = Release|Any CPU
		{336B12A9-C555-431D-B30A-246E076EC981}.Debug|Any CPU.ActiveCfg = Debug|Any CPU
		{336B12A9-C555-431D-B30A-246E076EC981}.Debug|Any CPU.Build.0 = Debug|Any CPU
		{336B12A9-C555-431D-B30A-246E076EC981}.Release|Any CPU.ActiveCfg = Release|Any CPU
		{336B12A9-C555-431D-B30A-246E076EC981}.Release|Any CPU.Build.0 = Release|Any CPU
		{FCF1A45A-3DA7-4481-9E91-15CC9FF33A4D}.Debug|Any CPU.ActiveCfg = Debug|Any CPU
		{FCF1A45A-3DA7-4481-9E91-15CC9FF33A4D}.Debug|Any CPU.Build.0 = Debug|Any CPU
		{FCF1A45A-3DA7-4481-9E91-15CC9FF33A4D}.Release|Any CPU.ActiveCfg = Release|Any CPU
		{FCF1A45A-3DA7-4481-9E91-15CC9FF33A4D}.Release|Any CPU.Build.0 = Release|Any CPU
		{858F3913-75EA-4F0D-B40E-053B6E73AB0F}.Debug|Any CPU.ActiveCfg = Debug|Any CPU
		{858F3913-75EA-4F0D-B40E-053B6E73AB0F}.Debug|Any CPU.Build.0 = Debug|Any CPU
		{858F3913-75EA-4F0D-B40E-053B6E73AB0F}.Release|Any CPU.ActiveCfg = Release|Any CPU
		{858F3913-75EA-4F0D-B40E-053B6E73AB0F}.Release|Any CPU.Build.0 = Release|Any CPU
		{212E57E0-2C20-4888-999F-C0D909936240}.Debug|Any CPU.ActiveCfg = Debug|Any CPU
		{212E57E0-2C20-4888-999F-C0D909936240}.Debug|Any CPU.Build.0 = Debug|Any CPU
		{212E57E0-2C20-4888-999F-C0D909936240}.Release|Any CPU.ActiveCfg = Release|Any CPU
		{212E57E0-2C20-4888-999F-C0D909936240}.Release|Any CPU.Build.0 = Release|Any CPU
	EndGlobalSection
	GlobalSection(SolutionProperties) = preSolution
		HideSolutionNode = FALSE
	EndGlobalSection
	GlobalSection(ExtensibilityGlobals) = postSolution
		SolutionGuid = {CDFFD258-751D-4DBF-8621-98E38E2C1F39}
	EndGlobalSection
EndGlobal
